
Microsoft Visual Studio Solution File, Format Version 12.00
# Visual Studio Version 16
VisualStudioVersion = 16.0.30225.117
MinimumVisualStudioVersion = 10.0.40219.1
Project("{FAE04EC0-301F-11D3-BF4B-00C04F79EFBC}") = "SignalR_ChatSample", "SignalR_ChatSample\SignalR_ChatSample.csproj", "{B5BE1A75-8F4A-4A73-9ABB-94D8FF84C11C}"
EndProject
Global
	GlobalSection(SolutionConfigurationPlatforms) = preSolution
		Debug|Any CPU = Debug|Any CPU
		Release|Any CPU = Release|Any CPU
	EndGlobalSection
	GlobalSection(ProjectConfigurationPlatforms) = postSolution
		{B5BE1A75-8F4A-4A73-9ABB-94D8FF84C11C}.Debug|Any CPU.ActiveCfg = Debug|Any CPU
		{B5BE1A75-8F4A-4A73-9ABB-94D8FF84C11C}.Debug|Any CPU.Build.0 = Debug|Any CPU
		{B5BE1A75-8F4A-4A73-9ABB-94D8FF84C11C}.Release|Any CPU.ActiveCfg = Release|Any CPU
		{B5BE1A75-8F4A-4A73-9ABB-94D8FF84C11C}.Release|Any CPU.Build.0 = Release|Any CPU
	EndGlobalSection
	GlobalSection(SolutionProperties) = preSolution
		HideSolutionNode = FALSE
	EndGlobalSection
	GlobalSection(ExtensibilityGlobals) = postSolution
		SolutionGuid = {D9DBDBF6-94BE-4FC4-88B0-4A81AD615B8D}
	EndGlobalSection
EndGlobal
